// !$*UTF8*$!
{
	archiveVersion = 1;
	classes = {
	};
	objectVersion = 77;
	objects = {

/* Begin PBXBuildFile section */
		5F749F692D192105008FE29C /* KakaoSDK in Frameworks */ = {isa = PBXBuildFile; productRef = 5F749F682D192105008FE29C /* KakaoSDK */; };
		5F749F6B2D192105008FE29C /* KakaoSDKAuth in Frameworks */ = {isa = PBXBuildFile; productRef = 5F749F6A2D192105008FE29C /* KakaoSDKAuth */; };
		5F749F6D2D192105008FE29C /* KakaoSDKCert in Frameworks */ = {isa = PBXBuildFile; productRef = 5F749F6C2D192105008FE29C /* KakaoSDKCert */; };
		5F749F6F2D192105008FE29C /* KakaoSDKCertCore in Frameworks */ = {isa = PBXBuildFile; productRef = 5F749F6E2D192105008FE29C /* KakaoSDKCertCore */; };
		5F749F712D192105008FE29C /* KakaoSDKCommon in Frameworks */ = {isa = PBXBuildFile; productRef = 5F749F702D192105008FE29C /* KakaoSDKCommon */; };
/* End PBXBuildFile section */

/* Begin PBXContainerItemProxy section */
		5F749F4A2D191FE1008FE29C /* PBXContainerItemProxy */ = {
			isa = PBXContainerItemProxy;
			containerPortal = 5F749F2B2D191FDE008FE29C /* Project object */;
			proxyType = 1;
			remoteGlobalIDString = 5F749F322D191FDE008FE29C;
			remoteInfo = KakaoSDKTest;
		};
		5F749F542D191FE1008FE29C /* PBXContainerItemProxy */ = {
			isa = PBXContainerItemProxy;
			containerPortal = 5F749F2B2D191FDE008FE29C /* Project object */;
			proxyType = 1;
			remoteGlobalIDString = 5F749F322D191FDE008FE29C;
			remoteInfo = KakaoSDKTest;
		};
/* End PBXContainerItemProxy section */

/* Begin PBXFileReference section */
		5F749F332D191FDE008FE29C /* KakaoSDKTest.app */ = {isa = PBXFileReference; explicitFileType = wrapper.application; includeInIndex = 0; path = KakaoSDKTest.app; sourceTree = BUILT_PRODUCTS_DIR; };
		5F749F492D191FE1008FE29C /* KakaoSDKTestTests.xctest */ = {isa = PBXFileReference; explicitFileType = wrapper.cfbundle; includeInIndex = 0; path = KakaoSDKTestTests.xctest; sourceTree = BUILT_PRODUCTS_DIR; };
		5F749F532D191FE1008FE29C /* KakaoSDKTestUITests.xctest */ = {isa = PBXFileReference; explicitFileType = wrapper.cfbundle; includeInIndex = 0; path = KakaoSDKTestUITests.xctest; sourceTree = BUILT_PRODUCTS_DIR; };
/* End PBXFileReference section */

/* Begin PBXFileSystemSynchronizedBuildFileExceptionSet section */
		5F749F5B2D191FE1008FE29C /* Exceptions for "KakaoSDKTest" folder in "KakaoSDKTest" target */ = {
			isa = PBXFileSystemSynchronizedBuildFileExceptionSet;
			membershipExceptions = (
				Info.plist,
			);
			target = 5F749F322D191FDE008FE29C /* KakaoSDKTest */;
		};
/* End PBXFileSystemSynchronizedBuildFileExceptionSet section */

/* Begin PBXFileSystemSynchronizedRootGroup section */
		5F749F352D191FDE008FE29C /* KakaoSDKTest */ = {
			isa = PBXFileSystemSynchronizedRootGroup;
			exceptions = (
				5F749F5B2D191FE1008FE29C /* Exceptions for "KakaoSDKTest" folder in "KakaoSDKTest" target */,
			);
			path = KakaoSDKTest;
			sourceTree = "<group>";
		};
		5F749F4C2D191FE1008FE29C /* KakaoSDKTestTests */ = {
			isa = PBXFileSystemSynchronizedRootGroup;
			path = KakaoSDKTestTests;
			sourceTree = "<group>";
		};
		5F749F562D191FE1008FE29C /* KakaoSDKTestUITests */ = {
			isa = PBXFileSystemSynchronizedRootGroup;
			path = KakaoSDKTestUITests;
			sourceTree = "<group>";
		};
/* End PBXFileSystemSynchronizedRootGroup section */

/* Begin PBXFrameworksBuildPhase section */
		5F749F302D191FDE008FE29C /* Frameworks */ = {
			isa = PBXFrameworksBuildPhase;
			buildActionMask = 2147483647;
			files = (
				5F749F6F2D192105008FE29C /* KakaoSDKCertCore in Frameworks */,
				5F749F6D2D192105008FE29C /* KakaoSDKCert in Frameworks */,
				5F749F692D192105008FE29C /* KakaoSDK in Frameworks */,
				5F749F712D192105008FE29C /* KakaoSDKCommon in Frameworks */,
				5F749F6B2D192105008FE29C /* KakaoSDKAuth in Frameworks */,
			);
			runOnlyForDeploymentPostprocessing = 0;
		};
		5F749F462D191FE1008FE29C /* Frameworks */ = {
			isa = PBXFrameworksBuildPhase;
			buildActionMask = 2147483647;
			files = (
			);
			runOnlyForDeploymentPostprocessing = 0;
		};
		5F749F502D191FE1008FE29C /* Frameworks */ = {
			isa = PBXFrameworksBuildPhase;
			buildActionMask = 2147483647;
			files = (
			);
			runOnlyForDeploymentPostprocessing = 0;
		};
/* End PBXFrameworksBuildPhase section */

/* Begin PBXGroup section */
		5F749F2A2D191FDE008FE29C = {
			isa = PBXGroup;
			children = (
				5F749F352D191FDE008FE29C /* KakaoSDKTest */,
				5F749F4C2D191FE1008FE29C /* KakaoSDKTestTests */,
				5F749F562D191FE1008FE29C /* KakaoSDKTestUITests */,
				5F749F342D191FDE008FE29C /* Products */,
			);
			sourceTree = "<group>";
		};
		5F749F342D191FDE008FE29C /* Products */ = {
			isa = PBXGroup;
			children = (
				5F749F332D191FDE008FE29C /* KakaoSDKTest.app */,
				5F749F492D191FE1008FE29C /* KakaoSDKTestTests.xctest */,
				5F749F532D191FE1008FE29C /* KakaoSDKTestUITests.xctest */,
			);
			name = Products;
			sourceTree = "<group>";
		};
/* End PBXGroup section */

/* Begin PBXNativeTarget section */
		5F749F322D191FDE008FE29C /* KakaoSDKTest */ = {
			isa = PBXNativeTarget;
			buildConfigurationList = 5F749F5C2D191FE1008FE29C /* Build configuration list for PBXNativeTarget "KakaoSDKTest" */;
			buildPhases = (
				5F749F2F2D191FDE008FE29C /* Sources */,
				5F749F302D191FDE008FE29C /* Frameworks */,
				5F749F312D191FDE008FE29C /* Resources */,
			);
			buildRules = (
			);
			dependencies = (
			);
			fileSystemSynchronizedGroups = (
				5F749F352D191FDE008FE29C /* KakaoSDKTest */,
			);
			name = KakaoSDKTest;
			packageProductDependencies = (
				5F749F682D192105008FE29C /* KakaoSDK */,
				5F749F6A2D192105008FE29C /* KakaoSDKAuth */,
				5F749F6C2D192105008FE29C /* KakaoSDKCert */,
				5F749F6E2D192105008FE29C /* KakaoSDKCertCore */,
				5F749F702D192105008FE29C /* KakaoSDKCommon */,
			);
			productName = KakaoSDKTest;
			productReference = 5F749F332D191FDE008FE29C /* KakaoSDKTest.app */;
			productType = "com.apple.product-type.application";
		};
		5F749F482D191FE1008FE29C /* KakaoSDKTestTests */ = {
			isa = PBXNativeTarget;
			buildConfigurationList = 5F749F612D191FE1008FE29C /* Build configuration list for PBXNativeTarget "KakaoSDKTestTests" */;
			buildPhases = (
				5F749F452D191FE1008FE29C /* Sources */,
				5F749F462D191FE1008FE29C /* Frameworks */,
				5F749F472D191FE1008FE29C /* Resources */,
			);
			buildRules = (
			);
			dependencies = (
				5F749F4B2D191FE1008FE29C /* PBXTargetDependency */,
			);
			fileSystemSynchronizedGroups = (
				5F749F4C2D191FE1008FE29C /* KakaoSDKTestTests */,
			);
			name = KakaoSDKTestTests;
			packageProductDependencies = (
			);
			productName = KakaoSDKTestTests;
			productReference = 5F749F492D191FE1008FE29C /* KakaoSDKTestTests.xctest */;
			productType = "com.apple.product-type.bundle.unit-test";
		};
		5F749F522D191FE1008FE29C /* KakaoSDKTestUITests */ = {
			isa = PBXNativeTarget;
			buildConfigurationList = 5F749F642D191FE1008FE29C /* Build configuration list for PBXNativeTarget "KakaoSDKTestUITests" */;
			buildPhases = (
				5F749F4F2D191FE1008FE29C /* Sources */,
				5F749F502D191FE1008FE29C /* Frameworks */,
				5F749F512D191FE1008FE29C /* Resources */,
			);
			buildRules = (
			);
			dependencies = (
				5F749F552D191FE1008FE29C /* PBXTargetDependency */,
			);
			fileSystemSynchronizedGroups = (
				5F749F562D191FE1008FE29C /* KakaoSDKTestUITests */,
			);
			name = KakaoSDKTestUITests;
			packageProductDependencies = (
			);
			productName = KakaoSDKTestUITests;
			productReference = 5F749F532D191FE1008FE29C /* KakaoSDKTestUITests.xctest */;
			productType = "com.apple.product-type.bundle.ui-testing";
		};
/* End PBXNativeTarget section */

/* Begin PBXProject section */
		5F749F2B2D191FDE008FE29C /* Project object */ = {
			isa = PBXProject;
			attributes = {
				BuildIndependentTargetsInParallel = 1;
				LastSwiftUpdateCheck = 1610;
				LastUpgradeCheck = 1610;
				TargetAttributes = {
					5F749F322D191FDE008FE29C = {
						CreatedOnToolsVersion = 16.1;
					};
					5F749F482D191FE1008FE29C = {
						CreatedOnToolsVersion = 16.1;
						TestTargetID = 5F749F322D191FDE008FE29C;
					};
					5F749F522D191FE1008FE29C = {
						CreatedOnToolsVersion = 16.1;
						TestTargetID = 5F749F322D191FDE008FE29C;
					};
				};
			};
			buildConfigurationList = 5F749F2E2D191FDE008FE29C /* Build configuration list for PBXProject "KakaoSDKTest" */;
			developmentRegion = en;
			hasScannedForEncodings = 0;
			knownRegions = (
				en,
				Base,
			);
			mainGroup = 5F749F2A2D191FDE008FE29C;
			minimizedProjectReferenceProxies = 1;
			packageReferences = (
				5F749F672D192105008FE29C /* XCRemoteSwiftPackageReference "kakao-ios-sdk" */,
			);
			preferredProjectObjectVersion = 77;
			productRefGroup = 5F749F342D191FDE008FE29C /* Products */;
			projectDirPath = "";
			projectRoot = "";
			targets = (
				5F749F322D191FDE008FE29C /* KakaoSDKTest */,
				5F749F482D191FE1008FE29C /* KakaoSDKTestTests */,
				5F749F522D191FE1008FE29C /* KakaoSDKTestUITests */,
			);
		};
/* End PBXProject section */

/* Begin PBXResourcesBuildPhase section */
		5F749F312D191FDE008FE29C /* Resources */ = {
			isa = PBXResourcesBuildPhase;
			buildActionMask = 2147483647;
			files = (
			);
			runOnlyForDeploymentPostprocessing = 0;
		};
		5F749F472D191FE1008FE29C /* Resources */ = {
			isa = PBXResourcesBuildPhase;
			buildActionMask = 2147483647;
			files = (
			);
			runOnlyForDeploymentPostprocessing = 0;
		};
		5F749F512D191FE1008FE29C /* Resources */ = {
			isa = PBXResourcesBuildPhase;
			buildActionMask = 2147483647;
			files = (
			);
			runOnlyForDeploymentPostprocessing = 0;
		};
/* End PBXResourcesBuildPhase section */

/* Begin PBXSourcesBuildPhase section */
		5F749F2F2D191FDE008FE29C /* Sources */ = {
			isa = PBXSourcesBuildPhase;
			buildActionMask = 2147483647;
			files = (
			);
			runOnlyForDeploymentPostprocessing = 0;
		};
		5F749F452D191FE1008FE29C /* Sources */ = {
			isa = PBXSourcesBuildPhase;
			buildActionMask = 2147483647;
			files = (
			);
			runOnlyForDeploymentPostprocessing = 0;
		};
		5F749F4F2D191FE1008FE29C /* Sources */ = {
			isa = PBXSourcesBuildPhase;
			buildActionMask = 2147483647;
			files = (
			);
			runOnlyForDeploymentPostprocessing = 0;
		};
/* End PBXSourcesBuildPhase section */

/* Begin PBXTargetDependency section */
		5F749F4B2D191FE1008FE29C /* PBXTargetDependency */ = {
			isa = PBXTargetDependency;
			target = 5F749F322D191FDE008FE29C /* KakaoSDKTest */;
			targetProxy = 5F749F4A2D191FE1008FE29C /* PBXContainerItemProxy */;
		};
		5F749F552D191FE1008FE29C /* PBXTargetDependency */ = {
			isa = PBXTargetDependency;
			target = 5F749F322D191FDE008FE29C /* KakaoSDKTest */;
			targetProxy = 5F749F542D191FE1008FE29C /* PBXContainerItemProxy */;
		};
/* End PBXTargetDependency section */

/* Begin XCBuildConfiguration section */
		5F749F5D2D191FE1008FE29C /* Debug */ = {
			isa = XCBuildConfiguration;
			buildSettings = {
				ASSETCATALOG_COMPILER_APPICON_NAME = AppIcon;
				ASSETCATALOG_COMPILER_GLOBAL_ACCENT_COLOR_NAME = AccentColor;
				CODE_SIGN_STYLE = Automatic;
				CURRENT_PROJECT_VERSION = 1;
				DEVELOPMENT_TEAM = NBKQCU426T;
				GENERATE_INFOPLIST_FILE = YES;
				INFOPLIST_FILE = KakaoSDKTest/Info.plist;
				INFOPLIST_KEY_UIApplicationSupportsIndirectInputEvents = YES;
				INFOPLIST_KEY_UILaunchStoryboardName = LaunchScreen;
				INFOPLIST_KEY_UIMainStoryboardFile = Main;
				INFOPLIST_KEY_UISupportedInterfaceOrientations_iPad = "UIInterfaceOrientationPortrait UIInterfaceOrientationPortraitUpsideDown UIInterfaceOrientationLandscapeLeft UIInterfaceOrientationLandscapeRight";
				INFOPLIST_KEY_UISupportedInterfaceOrientations_iPhone = "UIInterfaceOrientationPortrait UIInterfaceOrientationLandscapeLeft UIInterfaceOrientationLandscapeRight";
				LD_RUNPATH_SEARCH_PATHS = (
					"$(inherited)",
					"@executable_path/Frameworks",
				);
				MARKETING_VERSION = 1.0;
				PRODUCT_BUNDLE_IDENTIFIER = com.one.ram.KakaoSDKTest;
				PRODUCT_NAME = "$(TARGET_NAME)";
				SWIFT_EMIT_LOC_STRINGS = YES;
				SWIFT_VERSION = 5.0;
				TARGETED_DEVICE_FAMILY = "1,2";
			};
			name = Debug;
		};
		5F749F5E2D191FE1008FE29C /* Release */ = {
			isa = XCBuildConfiguration;
			buildSettings = {
				ASSETCATALOG_COMPILER_APPICON_NAME = AppIcon;
				ASSETCATALOG_COMPILER_GLOBAL_ACCENT_COLOR_NAME = AccentColor;
				CODE_SIGN_STYLE = Automatic;
				CURRENT_PROJECT_VERSION = 1;
				DEVELOPMENT_TEAM = NBKQCU426T;
				GENERATE_INFOPLIST_FILE = YES;
				INFOPLIST_FILE = KakaoSDKTest/Info.plist;
				INFOPLIST_KEY_UIApplicationSupportsIndirectInputEvents = YES;
				INFOPLIST_KEY_UILaunchStoryboardName = LaunchScreen;
				INFOPLIST_KEY_UIMainStoryboardFile = Main;
				INFOPLIST_KEY_UISupportedInterfaceOrientations_iPad = "UIInterfaceOrientationPortrait UIInterfaceOrientationPortraitUpsideDown UIInterfaceOrientationLandscapeLeft UIInterfaceOrientationLandscapeRight";
				INFOPLIST_KEY_UISupportedInterfaceOrientations_iPhone = "UIInterfaceOrientationPortrait UIInterfaceOrientationLandscapeLeft UIInterfaceOrientationLandscapeRight";
				LD_RUNPATH_SEARCH_PATHS = (
					"$(inherited)",
					"@executable_path/Frameworks",
				);
				MARKETING_VERSION = 1.0;
				PRODUCT_BUNDLE_IDENTIFIER = com.one.ram.KakaoSDKTest;
				PRODUCT_NAME = "$(TARGET_NAME)";
				SWIFT_EMIT_LOC_STRINGS = YES;
				SWIFT_VERSION = 5.0;
				TARGETED_DEVICE_FAMILY = "1,2";
			};
			name = Release;
		};
		5F749F5F2D191FE1008FE29C /* Debug */ = {
			isa = XCBuildConfiguration;
			buildSettings = {
				ALWAYS_SEARCH_USER_PATHS = NO;
				ASSETCATALOG_COMPILER_GENERATE_SWIFT_ASSET_SYMBOL_EXTENSIONS = YES;
				CLANG_ANALYZER_NONNULL = YES;
				CLANG_ANALYZER_NUMBER_OBJECT_CONVERSION = YES_AGGRESSIVE;
				CLANG_CXX_LANGUAGE_STANDARD = "gnu++20";
				CLANG_ENABLE_MODULES = YES;
				CLANG_ENABLE_OBJC_ARC = YES;
				CLANG_ENABLE_OBJC_WEAK = YES;
				CLANG_WARN_BLOCK_CAPTURE_AUTORELEASING = YES;
				CLANG_WARN_BOOL_CONVERSION = YES;
				CLANG_WARN_COMMA = YES;
				CLANG_WARN_CONSTANT_CONVERSION = YES;
				CLANG_WARN_DEPRECATED_OBJC_IMPLEMENTATIONS = YES;
				CLANG_WARN_DIRECT_OBJC_ISA_USAGE = YES_ERROR;
				CLANG_WARN_DOCUMENTATION_COMMENTS = YES;
				CLANG_WARN_EMPTY_BODY = YES;
				CLANG_WARN_ENUM_CONVERSION = YES;
				CLANG_WARN_INFINITE_RECURSION = YES;
				CLANG_WARN_INT_CONVERSION = YES;
				CLANG_WARN_NON_LITERAL_NULL_CONVERSION = YES;
				CLANG_WARN_OBJC_IMPLICIT_RETAIN_SELF = YES;
				CLANG_WARN_OBJC_LITERAL_CONVERSION = YES;
				CLANG_WARN_OBJC_ROOT_CLASS = YES_ERROR;
				CLANG_WARN_QUOTED_INCLUDE_IN_FRAMEWORK_HEADER = YES;
				CLANG_WARN_RANGE_LOOP_ANALYSIS = YES;
				CLANG_WARN_STRICT_PROTOTYPES = YES;
				CLANG_WARN_SUSPICIOUS_MOVE = YES;
				CLANG_WARN_UNGUARDED_AVAILABILITY = YES_AGGRESSIVE;
				CLANG_WARN_UNREACHABLE_CODE = YES;
				CLANG_WARN__DUPLICATE_METHOD_MATCH = YES;
				COPY_PHASE_STRIP = NO;
				DEBUG_INFORMATION_FORMAT = dwarf;
				ENABLE_STRICT_OBJC_MSGSEND = YES;
				ENABLE_TESTABILITY = YES;
				ENABLE_USER_SCRIPT_SANDBOXING = YES;
				GCC_C_LANGUAGE_STANDARD = gnu17;
				GCC_DYNAMIC_NO_PIC = NO;
				GCC_NO_COMMON_BLOCKS = YES;
				GCC_OPTIMIZATION_LEVEL = 0;
				GCC_PREPROCESSOR_DEFINITIONS = (
					"DEBUG=1",
					"$(inherited)",
				);
				GCC_WARN_64_TO_32_BIT_CONVERSION = YES;
				GCC_WARN_ABOUT_RETURN_TYPE = YES_ERROR;
				GCC_WARN_UNDECLARED_SELECTOR = YES;
				GCC_WARN_UNINITIALIZED_AUTOS = YES_AGGRESSIVE;
				GCC_WARN_UNUSED_FUNCTION = YES;
				GCC_WARN_UNUSED_VARIABLE = YES;
				IPHONEOS_DEPLOYMENT_TARGET = 18.1;
				LOCALIZATION_PREFERS_STRING_CATALOGS = YES;
				MTL_ENABLE_DEBUG_INFO = INCLUDE_SOURCE;
				MTL_FAST_MATH = YES;
				ONLY_ACTIVE_ARCH = YES;
				SDKROOT = iphoneos;
				SWIFT_ACTIVE_COMPILATION_CONDITIONS = "DEBUG $(inherited)";
				SWIFT_OPTIMIZATION_LEVEL = "-Onone";
			};
			name = Debug;
		};
		5F749F602D191FE1008FE29C /* Release */ = {
			isa = XCBuildConfiguration;
			buildSettings = {
				ALWAYS_SEARCH_USER_PATHS = NO;
				ASSETCATALOG_COMPILER_GENERATE_SWIFT_ASSET_SYMBOL_EXTENSIONS = YES;
				CLANG_ANALYZER_NONNULL = YES;
				CLANG_ANALYZER_NUMBER_OBJECT_CONVERSION = YES_AGGRESSIVE;
				CLANG_CXX_LANGUAGE_STANDARD = "gnu++20";
				CLANG_ENABLE_MODULES = YES;
				CLANG_ENABLE_OBJC_ARC = YES;
				CLANG_ENABLE_OBJC_WEAK = YES;
				CLANG_WARN_BLOCK_CAPTURE_AUTORELEASING = YES;
				CLANG_WARN_BOOL_CONVERSION = YES;
				CLANG_WARN_COMMA = YES;
				CLANG_WARN_CONSTANT_CONVERSION = YES;
				CLANG_WARN_DEPRECATED_OBJC_IMPLEMENTATIONS = YES;
				CLANG_WARN_DIRECT_OBJC_ISA_USAGE = YES_ERROR;
				CLANG_WARN_DOCUMENTATION_COMMENTS = YES;
				CLANG_WARN_EMPTY_BODY = YES;
				CLANG_WARN_ENUM_CONVERSION = YES;
				CLANG_WARN_INFINITE_RECURSION = YES;
				CLANG_WARN_INT_CONVERSION = YES;
				CLANG_WARN_NON_LITERAL_NULL_CONVERSION = YES;
				CLANG_WARN_OBJC_IMPLICIT_RETAIN_SELF = YES;
				CLANG_WARN_OBJC_LITERAL_CONVERSION = YES;
				CLANG_WARN_OBJC_ROOT_CLASS = YES_ERROR;
				CLANG_WARN_QUOTED_INCLUDE_IN_FRAMEWORK_HEADER = YES;
				CLANG_WARN_RANGE_LOOP_ANALYSIS = YES;
				CLANG_WARN_STRICT_PROTOTYPES = YES;
				CLANG_WARN_SUSPICIOUS_MOVE = YES;
				CLANG_WARN_UNGUARDED_AVAILABILITY = YES_AGGRESSIVE;
				CLANG_WARN_UNREACHABLE_CODE = YES;
				CLANG_WARN__DUPLICATE_METHOD_MATCH = YES;
				COPY_PHASE_STRIP = NO;
				DEBUG_INFORMATION_FORMAT = "dwarf-with-dsym";
				ENABLE_NS_ASSERTIONS = NO;
				ENABLE_STRICT_OBJC_MSGSEND = YES;
				ENABLE_USER_SCRIPT_SANDBOXING = YES;
				GCC_C_LANGUAGE_STANDARD = gnu17;
				GCC_NO_COMMON_BLOCKS = YES;
				GCC_WARN_64_TO_32_BIT_CONVERSION = YES;
				GCC_WARN_ABOUT_RETURN_TYPE = YES_ERROR;
				GCC_WARN_UNDECLARED_SELECTOR = YES;
				GCC_WARN_UNINITIALIZED_AUTOS = YES_AGGRESSIVE;
				GCC_WARN_UNUSED_FUNCTION = YES;
				GCC_WARN_UNUSED_VARIABLE = YES;
				IPHONEOS_DEPLOYMENT_TARGET = 18.1;
				LOCALIZATION_PREFERS_STRING_CATALOGS = YES;
				MTL_ENABLE_DEBUG_INFO = NO;
				MTL_FAST_MATH = YES;
				SDKROOT = iphoneos;
				SWIFT_COMPILATION_MODE = wholemodule;
				VALIDATE_PRODUCT = YES;
			};
			name = Release;
		};
		5F749F622D191FE1008FE29C /* Debug */ = {
			isa = XCBuildConfiguration;
			buildSettings = {
				BUNDLE_LOADER = "$(TEST_HOST)";
				CODE_SIGN_STYLE = Automatic;
				CURRENT_PROJECT_VERSION = 1;
				DEVELOPMENT_TEAM = NBKQCU426T;
				GENERATE_INFOPLIST_FILE = YES;
				IPHONEOS_DEPLOYMENT_TARGET = 18.1;
				MARKETING_VERSION = 1.0;
				PRODUCT_BUNDLE_IDENTIFIER = com.one.ram.KakaoSDKTestTests;
				PRODUCT_NAME = "$(TARGET_NAME)";
				SWIFT_EMIT_LOC_STRINGS = NO;
				SWIFT_VERSION = 5.0;
				TARGETED_DEVICE_FAMILY = "1,2";
				TEST_HOST = "$(BUILT_PRODUCTS_DIR)/KakaoSDKTest.app/$(BUNDLE_EXECUTABLE_FOLDER_PATH)/KakaoSDKTest";
			};
			name = Debug;
		};
		5F749F632D191FE1008FE29C /* Release */ = {
			isa = XCBuildConfiguration;
			buildSettings = {
				BUNDLE_LOADER = "$(TEST_HOST)";
				CODE_SIGN_STYLE = Automatic;
				CURRENT_PROJECT_VERSION = 1;
				DEVELOPMENT_TEAM = NBKQCU426T;
				GENERATE_INFOPLIST_FILE = YES;
				IPHONEOS_DEPLOYMENT_TARGET = 18.1;
				MARKETING_VERSION = 1.0;
				PRODUCT_BUNDLE_IDENTIFIER = com.one.ram.KakaoSDKTestTests;
				PRODUCT_NAME = "$(TARGET_NAME)";
				SWIFT_EMIT_LOC_STRINGS = NO;
				SWIFT_VERSION = 5.0;
				TARGETED_DEVICE_FAMILY = "1,2";
				TEST_HOST = "$(BUILT_PRODUCTS_DIR)/KakaoSDKTest.app/$(BUNDLE_EXECUTABLE_FOLDER_PATH)/KakaoSDKTest";
			};
			name = Release;
		};
		5F749F652D191FE1008FE29C /* Debug */ = {
			isa = XCBuildConfiguration;
			buildSettings = {
				CODE_SIGN_STYLE = Automatic;
				CURRENT_PROJECT_VERSION = 1;
				DEVELOPMENT_TEAM = NBKQCU426T;
				GENERATE_INFOPLIST_FILE = YES;
				MARKETING_VERSION = 1.0;
				PRODUCT_BUNDLE_IDENTIFIER = com.one.ram.KakaoSDKTestUITests;
				PRODUCT_NAME = "$(TARGET_NAME)";
				SWIFT_EMIT_LOC_STRINGS = NO;
				SWIFT_VERSION = 5.0;
				TARGETED_DEVICE_FAMILY = "1,2";
				TEST_TARGET_NAME = KakaoSDKTest;
			};
			name = Debug;
		};
		5F749F662D191FE1008FE29C /* Release */ = {
			isa = XCBuildConfiguration;
			buildSettings = {
				CODE_SIGN_STYLE = Automatic;
				CURRENT_PROJECT_VERSION = 1;
				DEVELOPMENT_TEAM = NBKQCU426T;
				GENERATE_INFOPLIST_FILE = YES;
				MARKETING_VERSION = 1.0;
				PRODUCT_BUNDLE_IDENTIFIER = com.one.ram.KakaoSDKTestUITests;
				PRODUCT_NAME = "$(TARGET_NAME)";
				SWIFT_EMIT_LOC_STRINGS = NO;
				SWIFT_VERSION = 5.0;
				TARGETED_DEVICE_FAMILY = "1,2";
				TEST_TARGET_NAME = KakaoSDKTest;
			};
			name = Release;
		};
/* End XCBuildConfiguration section */

/* Begin XCConfigurationList section */
		5F749F2E2D191FDE008FE29C /* Build configuration list for PBXProject "KakaoSDKTest" */ = {
			isa = XCConfigurationList;
			buildConfigurations = (
				5F749F5F2D191FE1008FE29C /* Debug */,
				5F749F602D191FE1008FE29C /* Release */,
			);
			defaultConfigurationIsVisible = 0;
			defaultConfigurationName = Release;
		};
		5F749F5C2D191FE1008FE29C /* Build configuration list for PBXNativeTarget "KakaoSDKTest" */ = {
			isa = XCConfigurationList;
			buildConfigurations = (
				5F749F5D2D191FE1008FE29C /* Debug */,
				5F749F5E2D191FE1008FE29C /* Release */,
			);
			defaultConfigurationIsVisible = 0;
			defaultConfigurationName = Release;
		};
		5F749F612D191FE1008FE29C /* Build configuration list for PBXNativeTarget "KakaoSDKTestTests" */ = {
			isa = XCConfigurationList;
			buildConfigurations = (
				5F749F622D191FE1008FE29C /* Debug */,
				5F749F632D191FE1008FE29C /* Release */,
			);
			defaultConfigurationIsVisible = 0;
			defaultConfigurationName = Release;
		};
		5F749F642D191FE1008FE29C /* Build configuration list for PBXNativeTarget "KakaoSDKTestUITests" */ = {
			isa = XCConfigurationList;
			buildConfigurations = (
				5F749F652D191FE1008FE29C /* Debug */,
				5F749F662D191FE1008FE29C /* Release */,
			);
			defaultConfigurationIsVisible = 0;
			defaultConfigurationName = Release;
		};
/* End XCConfigurationList section */

/* Begin XCRemoteSwiftPackageReference section */
		5F749F672D192105008FE29C /* XCRemoteSwiftPackageReference "kakao-ios-sdk" */ = {
			isa = XCRemoteSwiftPackageReference;
			repositoryURL = "https://github.com/kakao/kakao-ios-sdk";
			requirement = {
				branch = master;
				kind = branch;
			};
		};
/* End XCRemoteSwiftPackageReference section */

/* Begin XCSwiftPackageProductDependency section */
		5F749F682D192105008FE29C /* KakaoSDK */ = {
			isa = XCSwiftPackageProductDependency;
			package = 5F749F672D192105008FE29C /* XCRemoteSwiftPackageReference "kakao-ios-sdk" */;
			productName = KakaoSDK;
		};
		5F749F6A2D192105008FE29C /* KakaoSDKAuth */ = {
			isa = XCSwiftPackageProductDependency;
			package = 5F749F672D192105008FE29C /* XCRemoteSwiftPackageReference "kakao-ios-sdk" */;
			productName = KakaoSDKAuth;
		};
		5F749F6C2D192105008FE29C /* KakaoSDKCert */ = {
			isa = XCSwiftPackageProductDependency;
			package = 5F749F672D192105008FE29C /* XCRemoteSwiftPackageReference "kakao-ios-sdk" */;
			productName = KakaoSDKCert;
		};
		5F749F6E2D192105008FE29C /* KakaoSDKCertCore */ = {
			isa = XCSwiftPackageProductDependency;
			package = 5F749F672D192105008FE29C /* XCRemoteSwiftPackageReference "kakao-ios-sdk" */;
			productName = KakaoSDKCertCore;
		};
		5F749F702D192105008FE29C /* KakaoSDKCommon */ = {
			isa = XCSwiftPackageProductDependency;
			package = 5F749F672D192105008FE29C /* XCRemoteSwiftPackageReference "kakao-ios-sdk" */;
			productName = KakaoSDKCommon;
		};
/* End XCSwiftPackageProductDependency section */
	};
	rootObject = 5F749F2B2D191FDE008FE29C /* Project object */;
}
