// !$*UTF8*$!
{
	archiveVersion = 1;
	classes = {
	};
	objectVersion = 77;
	objects = {

/* Begin PBXContainerItemProxy section */
		F498926E2D15F93800C05712 /* PBXContainerItemProxy */ = {
			isa = PBXContainerItemProxy;
			containerPortal = F498924F2D15F93400C05712 /* Project object */;
			proxyType = 1;
			remoteGlobalIDString = F49892562D15F93400C05712;
			remoteInfo = AlarmSet;
		};
		F49892782D15F93800C05712 /* PBXContainerItemProxy */ = {
			isa = PBXContainerItemProxy;
			containerPortal = F498924F2D15F93400C05712 /* Project object */;
			proxyType = 1;
			remoteGlobalIDString = F49892562D15F93400C05712;
			remoteInfo = AlarmSet;
		};
/* End PBXContainerItemProxy section */

/* Begin PBXFileReference section */
		F49892572D15F93400C05712 /* AlarmSet.app */ = {isa = PBXFileReference; explicitFileType = wrapper.application; includeInIndex = 0; path = AlarmSet.app; sourceTree = BUILT_PRODUCTS_DIR; };
		F498926D2D15F93800C05712 /* AlarmSetTests.xctest */ = {isa = PBXFileReference; explicitFileType = wrapper.cfbundle; includeInIndex = 0; path = AlarmSetTests.xctest; sourceTree = BUILT_PRODUCTS_DIR; };
		F49892772D15F93800C05712 /* AlarmSetUITests.xctest */ = {isa = PBXFileReference; explicitFileType = wrapper.cfbundle; includeInIndex = 0; path = AlarmSetUITests.xctest; sourceTree = BUILT_PRODUCTS_DIR; };
/* End PBXFileReference section */

/* Begin PBXFileSystemSynchronizedBuildFileExceptionSet section */
		F498927F2D15F93800C05712 /* Exceptions for "AlarmSet" folder in "AlarmSet" target */ = {
			isa = PBXFileSystemSynchronizedBuildFileExceptionSet;
			membershipExceptions = (
				Info.plist,
			);
			target = F49892562D15F93400C05712 /* AlarmSet */;
		};
/* End PBXFileSystemSynchronizedBuildFileExceptionSet section */

/* Begin PBXFileSystemSynchronizedRootGroup section */
		F49892592D15F93400C05712 /* AlarmSet */ = {
			isa = PBXFileSystemSynchronizedRootGroup;
			exceptions = (
				F498927F2D15F93800C05712 /* Exceptions for "AlarmSet" folder in "AlarmSet" target */,
			);
			path = AlarmSet;
			sourceTree = "<group>";
		};
		F49892702D15F93800C05712 /* AlarmSetTests */ = {
			isa = PBXFileSystemSynchronizedRootGroup;
			path = AlarmSetTests;
			sourceTree = "<group>";
		};
		F498927A2D15F93800C05712 /* AlarmSetUITests */ = {
			isa = PBXFileSystemSynchronizedRootGroup;
			path = AlarmSetUITests;
			sourceTree = "<group>";
		};
/* End PBXFileSystemSynchronizedRootGroup section */

/* Begin PBXFrameworksBuildPhase section */
		F49892542D15F93400C05712 /* Frameworks */ = {
			isa = PBXFrameworksBuildPhase;
			buildActionMask = 2147483647;
			files = (
			);
			runOnlyForDeploymentPostprocessing = 0;
		};
		F498926A2D15F93800C05712 /* Frameworks */ = {
			isa = PBXFrameworksBuildPhase;
			buildActionMask = 2147483647;
			files = (
			);
			runOnlyForDeploymentPostprocessing = 0;
		};
		F49892742D15F93800C05712 /* Frameworks */ = {
			isa = PBXFrameworksBuildPhase;
			buildActionMask = 2147483647;
			files = (
			);
			runOnlyForDeploymentPostprocessing = 0;
		};
/* End PBXFrameworksBuildPhase section */

/* Begin PBXGroup section */
		F498924E2D15F93400C05712 = {
			isa = PBXGroup;
			children = (
				F49892592D15F93400C05712 /* AlarmSet */,
				F49892702D15F93800C05712 /* AlarmSetTests */,
				F498927A2D15F93800C05712 /* AlarmSetUITests */,
				F49892582D15F93400C05712 /* Products */,
			);
			sourceTree = "<group>";
		};
		F49892582D15F93400C05712 /* Products */ = {
			isa = PBXGroup;
			children = (
				F49892572D15F93400C05712 /* AlarmSet.app */,
				F498926D2D15F93800C05712 /* AlarmSetTests.xctest */,
				F49892772D15F93800C05712 /* AlarmSetUITests.xctest */,
			);
			name = Products;
			sourceTree = "<group>";
		};
/* End PBXGroup section */

/* Begin PBXNativeTarget section */
		F49892562D15F93400C05712 /* AlarmSet */ = {
			isa = PBXNativeTarget;
			buildConfigurationList = F49892802D15F93800C05712 /* Build configuration list for PBXNativeTarget "AlarmSet" */;
			buildPhases = (
				F49892532D15F93400C05712 /* Sources */,
				F49892542D15F93400C05712 /* Frameworks */,
				F49892552D15F93400C05712 /* Resources */,
			);
			buildRules = (
			);
			dependencies = (
			);
			fileSystemSynchronizedGroups = (
				F49892592D15F93400C05712 /* AlarmSet */,
			);
			name = AlarmSet;
			packageProductDependencies = (
			);
			productName = AlarmSet;
			productReference = F49892572D15F93400C05712 /* AlarmSet.app */;
			productType = "com.apple.product-type.application";
		};
		F498926C2D15F93800C05712 /* AlarmSetTests */ = {
			isa = PBXNativeTarget;
			buildConfigurationList = F49892852D15F93800C05712 /* Build configuration list for PBXNativeTarget "AlarmSetTests" */;
			buildPhases = (
				F49892692D15F93800C05712 /* Sources */,
				F498926A2D15F93800C05712 /* Frameworks */,
				F498926B2D15F93800C05712 /* Resources */,
			);
			buildRules = (
			);
			dependencies = (
				F498926F2D15F93800C05712 /* PBXTargetDependency */,
			);
			fileSystemSynchronizedGroups = (
				F49892702D15F93800C05712 /* AlarmSetTests */,
			);
			name = AlarmSetTests;
			packageProductDependencies = (
			);
			productName = AlarmSetTests;
			productReference = F498926D2D15F93800C05712 /* AlarmSetTests.xctest */;
			productType = "com.apple.product-type.bundle.unit-test";
		};
		F49892762D15F93800C05712 /* AlarmSetUITests */ = {
			isa = PBXNativeTarget;
			buildConfigurationList = F49892882D15F93800C05712 /* Build configuration list for PBXNativeTarget "AlarmSetUITests" */;
			buildPhases = (
				F49892732D15F93800C05712 /* Sources */,
				F49892742D15F93800C05712 /* Frameworks */,
				F49892752D15F93800C05712 /* Resources */,
			);
			buildRules = (
			);
			dependencies = (
				F49892792D15F93800C05712 /* PBXTargetDependency */,
			);
			fileSystemSynchronizedGroups = (
				F498927A2D15F93800C05712 /* AlarmSetUITests */,
			);
			name = AlarmSetUITests;
			packageProductDependencies = (
			);
			productName = AlarmSetUITests;
			productReference = F49892772D15F93800C05712 /* AlarmSetUITests.xctest */;
			productType = "com.apple.product-type.bundle.ui-testing";
		};
/* End PBXNativeTarget section */

/* Begin PBXProject section */
		F498924F2D15F93400C05712 /* Project object */ = {
			isa = PBXProject;
			attributes = {
				BuildIndependentTargetsInParallel = 1;
				LastSwiftUpdateCheck = 1620;
				LastUpgradeCheck = 1620;
				TargetAttributes = {
					F49892562D15F93400C05712 = {
						CreatedOnToolsVersion = 16.2;
					};
					F498926C2D15F93800C05712 = {
						CreatedOnToolsVersion = 16.2;
						TestTargetID = F49892562D15F93400C05712;
					};
					F49892762D15F93800C05712 = {
						CreatedOnToolsVersion = 16.2;
						TestTargetID = F49892562D15F93400C05712;
					};
				};
			};
			buildConfigurationList = F49892522D15F93400C05712 /* Build configuration list for PBXProject "AlarmSet" */;
			developmentRegion = en;
			hasScannedForEncodings = 0;
			knownRegions = (
				en,
				Base,
			);
			mainGroup = F498924E2D15F93400C05712;
			minimizedProjectReferenceProxies = 1;
			preferredProjectObjectVersion = 77;
			productRefGroup = F49892582D15F93400C05712 /* Products */;
			projectDirPath = "";
			projectRoot = "";
			targets = (
				F49892562D15F93400C05712 /* AlarmSet */,
				F498926C2D15F93800C05712 /* AlarmSetTests */,
				F49892762D15F93800C05712 /* AlarmSetUITests */,
			);
		};
/* End PBXProject section */

/* Begin PBXResourcesBuildPhase section */
		F49892552D15F93400C05712 /* Resources */ = {
			isa = PBXResourcesBuildPhase;
			buildActionMask = 2147483647;
			files = (
			);
			runOnlyForDeploymentPostprocessing = 0;
		};
		F498926B2D15F93800C05712 /* Resources */ = {
			isa = PBXResourcesBuildPhase;
			buildActionMask = 2147483647;
			files = (
			);
			runOnlyForDeploymentPostprocessing = 0;
		};
		F49892752D15F93800C05712 /* Resources */ = {
			isa = PBXResourcesBuildPhase;
			buildActionMask = 2147483647;
			files = (
			);
			runOnlyForDeploymentPostprocessing = 0;
		};
/* End PBXResourcesBuildPhase section */

/* Begin PBXSourcesBuildPhase section */
		F49892532D15F93400C05712 /* Sources */ = {
			isa = PBXSourcesBuildPhase;
			buildActionMask = 2147483647;
			files = (
			);
			runOnlyForDeploymentPostprocessing = 0;
		};
		F49892692D15F93800C05712 /* Sources */ = {
			isa = PBXSourcesBuildPhase;
			buildActionMask = 2147483647;
			files = (
			);
			runOnlyForDeploymentPostprocessing = 0;
		};
		F49892732D15F93800C05712 /* Sources */ = {
			isa = PBXSourcesBuildPhase;
			buildActionMask = 2147483647;
			files = (
			);
			runOnlyForDeploymentPostprocessing = 0;
		};
/* End PBXSourcesBuildPhase section */

/* Begin PBXTargetDependency section */
		F498926F2D15F93800C05712 /* PBXTargetDependency */ = {
			isa = PBXTargetDependency;
			target = F49892562D15F93400C05712 /* AlarmSet */;
			targetProxy = F498926E2D15F93800C05712 /* PBXContainerItemProxy */;
		};
		F49892792D15F93800C05712 /* PBXTargetDependency */ = {
			isa = PBXTargetDependency;
			target = F49892562D15F93400C05712 /* AlarmSet */;
			targetProxy = F49892782D15F93800C05712 /* PBXContainerItemProxy */;
		};
/* End PBXTargetDependency section */

/* Begin XCBuildConfiguration section */
		F49892812D15F93800C05712 /* Debug */ = {
			isa = XCBuildConfiguration;
			buildSettings = {
				ASSETCATALOG_COMPILER_APPICON_NAME = AppIcon;
				ASSETCATALOG_COMPILER_GLOBAL_ACCENT_COLOR_NAME = AccentColor;
				CODE_SIGN_STYLE = Automatic;
				CURRENT_PROJECT_VERSION = 1;
				DEVELOPMENT_TEAM = C5P7V9S6NT;
				GENERATE_INFOPLIST_FILE = YES;
				INFOPLIST_FILE = AlarmSet/Info.plist;
				INFOPLIST_KEY_UIApplicationSupportsIndirectInputEvents = YES;
				INFOPLIST_KEY_UILaunchStoryboardName = LaunchScreen;
				INFOPLIST_KEY_UIMainStoryboardFile = Main;
				INFOPLIST_KEY_UISupportedInterfaceOrientations_iPad = "UIInterfaceOrientationPortrait UIInterfaceOrientationPortraitUpsideDown UIInterfaceOrientationLandscapeLeft UIInterfaceOrientationLandscapeRight";
				INFOPLIST_KEY_UISupportedInterfaceOrientations_iPhone = "UIInterfaceOrientationPortrait UIInterfaceOrientationLandscapeLeft UIInterfaceOrientationLandscapeRight";
				LD_RUNPATH_SEARCH_PATHS = (
					"$(inherited)",
					"@executable_path/Frameworks",
				);
				MARKETING_VERSION = 1.0;
				PRODUCT_BUNDLE_IDENTIFIER = com.jiwonstudy.AlarmSet;
				PRODUCT_NAME = "$(TARGET_NAME)";
				SWIFT_EMIT_LOC_STRINGS = YES;
				SWIFT_VERSION = 5.0;
				TARGETED_DEVICE_FAMILY = "1,2";
			};
			name = Debug;
		};
		F49892822D15F93800C05712 /* Release */ = {
			isa = XCBuildConfiguration;
			buildSettings = {
				ASSETCATALOG_COMPILER_APPICON_NAME = AppIcon;
				ASSETCATALOG_COMPILER_GLOBAL_ACCENT_COLOR_NAME = AccentColor;
				CODE_SIGN_STYLE = Automatic;
				CURRENT_PROJECT_VERSION = 1;
				DEVELOPMENT_TEAM = C5P7V9S6NT;
				GENERATE_INFOPLIST_FILE = YES;
				INFOPLIST_FILE = AlarmSet/Info.plist;
				INFOPLIST_KEY_UIApplicationSupportsIndirectInputEvents = YES;
				INFOPLIST_KEY_UILaunchStoryboardName = LaunchScreen;
				INFOPLIST_KEY_UIMainStoryboardFile = Main;
				INFOPLIST_KEY_UISupportedInterfaceOrientations_iPad = "UIInterfaceOrientationPortrait UIInterfaceOrientationPortraitUpsideDown UIInterfaceOrientationLandscapeLeft UIInterfaceOrientationLandscapeRight";
				INFOPLIST_KEY_UISupportedInterfaceOrientations_iPhone = "UIInterfaceOrientationPortrait UIInterfaceOrientationLandscapeLeft UIInterfaceOrientationLandscapeRight";
				LD_RUNPATH_SEARCH_PATHS = (
					"$(inherited)",
					"@executable_path/Frameworks",
				);
				MARKETING_VERSION = 1.0;
				PRODUCT_BUNDLE_IDENTIFIER = com.jiwonstudy.AlarmSet;
				PRODUCT_NAME = "$(TARGET_NAME)";
				SWIFT_EMIT_LOC_STRINGS = YES;
				SWIFT_VERSION = 5.0;
				TARGETED_DEVICE_FAMILY = "1,2";
			};
			name = Release;
		};
		F49892832D15F93800C05712 /* Debug */ = {
			isa = XCBuildConfiguration;
			buildSettings = {
				ALWAYS_SEARCH_USER_PATHS = NO;
				ASSETCATALOG_COMPILER_GENERATE_SWIFT_ASSET_SYMBOL_EXTENSIONS = YES;
				CLANG_ANALYZER_NONNULL = YES;
				CLANG_ANALYZER_NUMBER_OBJECT_CONVERSION = YES_AGGRESSIVE;
				CLANG_CXX_LANGUAGE_STANDARD = "gnu++20";
				CLANG_ENABLE_MODULES = YES;
				CLANG_ENABLE_OBJC_ARC = YES;
				CLANG_ENABLE_OBJC_WEAK = YES;
				CLANG_WARN_BLOCK_CAPTURE_AUTORELEASING = YES;
				CLANG_WARN_BOOL_CONVERSION = YES;
				CLANG_WARN_COMMA = YES;
				CLANG_WARN_CONSTANT_CONVERSION = YES;
				CLANG_WARN_DEPRECATED_OBJC_IMPLEMENTATIONS = YES;
				CLANG_WARN_DIRECT_OBJC_ISA_USAGE = YES_ERROR;
				CLANG_WARN_DOCUMENTATION_COMMENTS = YES;
				CLANG_WARN_EMPTY_BODY = YES;
				CLANG_WARN_ENUM_CONVERSION = YES;
				CLANG_WARN_INFINITE_RECURSION = YES;
				CLANG_WARN_INT_CONVERSION = YES;
				CLANG_WARN_NON_LITERAL_NULL_CONVERSION = YES;
				CLANG_WARN_OBJC_IMPLICIT_RETAIN_SELF = YES;
				CLANG_WARN_OBJC_LITERAL_CONVERSION = YES;
				CLANG_WARN_OBJC_ROOT_CLASS = YES_ERROR;
				CLANG_WARN_QUOTED_INCLUDE_IN_FRAMEWORK_HEADER = YES;
				CLANG_WARN_RANGE_LOOP_ANALYSIS = YES;
				CLANG_WARN_STRICT_PROTOTYPES = YES;
				CLANG_WARN_SUSPICIOUS_MOVE = YES;
				CLANG_WARN_UNGUARDED_AVAILABILITY = YES_AGGRESSIVE;
				CLANG_WARN_UNREACHABLE_CODE = YES;
				CLANG_WARN__DUPLICATE_METHOD_MATCH = YES;
				COPY_PHASE_STRIP = NO;
				DEBUG_INFORMATION_FORMAT = dwarf;
				ENABLE_STRICT_OBJC_MSGSEND = YES;
				ENABLE_TESTABILITY = YES;
				ENABLE_USER_SCRIPT_SANDBOXING = YES;
				GCC_C_LANGUAGE_STANDARD = gnu17;
				GCC_DYNAMIC_NO_PIC = NO;
				GCC_NO_COMMON_BLOCKS = YES;
				GCC_OPTIMIZATION_LEVEL = 0;
				GCC_PREPROCESSOR_DEFINITIONS = (
					"DEBUG=1",
					"$(inherited)",
				);
				GCC_WARN_64_TO_32_BIT_CONVERSION = YES;
				GCC_WARN_ABOUT_RETURN_TYPE = YES_ERROR;
				GCC_WARN_UNDECLARED_SELECTOR = YES;
				GCC_WARN_UNINITIALIZED_AUTOS = YES_AGGRESSIVE;
				GCC_WARN_UNUSED_FUNCTION = YES;
				GCC_WARN_UNUSED_VARIABLE = YES;
				IPHONEOS_DEPLOYMENT_TARGET = 18.2;
				LOCALIZATION_PREFERS_STRING_CATALOGS = YES;
				MTL_ENABLE_DEBUG_INFO = INCLUDE_SOURCE;
				MTL_FAST_MATH = YES;
				ONLY_ACTIVE_ARCH = YES;
				SDKROOT = iphoneos;
				SWIFT_ACTIVE_COMPILATION_CONDITIONS = "DEBUG $(inherited)";
				SWIFT_OPTIMIZATION_LEVEL = "-Onone";
			};
			name = Debug;
		};
		F49892842D15F93800C05712 /* Release */ = {
			isa = XCBuildConfiguration;
			buildSettings = {
				ALWAYS_SEARCH_USER_PATHS = NO;
				ASSETCATALOG_COMPILER_GENERATE_SWIFT_ASSET_SYMBOL_EXTENSIONS = YES;
				CLANG_ANALYZER_NONNULL = YES;
				CLANG_ANALYZER_NUMBER_OBJECT_CONVERSION = YES_AGGRESSIVE;
				CLANG_CXX_LANGUAGE_STANDARD = "gnu++20";
				CLANG_ENABLE_MODULES = YES;
				CLANG_ENABLE_OBJC_ARC = YES;
				CLANG_ENABLE_OBJC_WEAK = YES;
				CLANG_WARN_BLOCK_CAPTURE_AUTORELEASING = YES;
				CLANG_WARN_BOOL_CONVERSION = YES;
				CLANG_WARN_COMMA = YES;
				CLANG_WARN_CONSTANT_CONVERSION = YES;
				CLANG_WARN_DEPRECATED_OBJC_IMPLEMENTATIONS = YES;
				CLANG_WARN_DIRECT_OBJC_ISA_USAGE = YES_ERROR;
				CLANG_WARN_DOCUMENTATION_COMMENTS = YES;
				CLANG_WARN_EMPTY_BODY = YES;
				CLANG_WARN_ENUM_CONVERSION = YES;
				CLANG_WARN_INFINITE_RECURSION = YES;
				CLANG_WARN_INT_CONVERSION = YES;
				CLANG_WARN_NON_LITERAL_NULL_CONVERSION = YES;
				CLANG_WARN_OBJC_IMPLICIT_RETAIN_SELF = YES;
				CLANG_WARN_OBJC_LITERAL_CONVERSION = YES;
				CLANG_WARN_OBJC_ROOT_CLASS = YES_ERROR;
				CLANG_WARN_QUOTED_INCLUDE_IN_FRAMEWORK_HEADER = YES;
				CLANG_WARN_RANGE_LOOP_ANALYSIS = YES;
				CLANG_WARN_STRICT_PROTOTYPES = YES;
				CLANG_WARN_SUSPICIOUS_MOVE = YES;
				CLANG_WARN_UNGUARDED_AVAILABILITY = YES_AGGRESSIVE;
				CLANG_WARN_UNREACHABLE_CODE = YES;
				CLANG_WARN__DUPLICATE_METHOD_MATCH = YES;
				COPY_PHASE_STRIP = NO;
				DEBUG_INFORMATION_FORMAT = "dwarf-with-dsym";
				ENABLE_NS_ASSERTIONS = NO;
				ENABLE_STRICT_OBJC_MSGSEND = YES;
				ENABLE_USER_SCRIPT_SANDBOXING = YES;
				GCC_C_LANGUAGE_STANDARD = gnu17;
				GCC_NO_COMMON_BLOCKS = YES;
				GCC_WARN_64_TO_32_BIT_CONVERSION = YES;
				GCC_WARN_ABOUT_RETURN_TYPE = YES_ERROR;
				GCC_WARN_UNDECLARED_SELECTOR = YES;
				GCC_WARN_UNINITIALIZED_AUTOS = YES_AGGRESSIVE;
				GCC_WARN_UNUSED_FUNCTION = YES;
				GCC_WARN_UNUSED_VARIABLE = YES;
				IPHONEOS_DEPLOYMENT_TARGET = 18.2;
				LOCALIZATION_PREFERS_STRING_CATALOGS = YES;
				MTL_ENABLE_DEBUG_INFO = NO;
				MTL_FAST_MATH = YES;
				SDKROOT = iphoneos;
				SWIFT_COMPILATION_MODE = wholemodule;
				VALIDATE_PRODUCT = YES;
			};
			name = Release;
		};
		F49892862D15F93800C05712 /* Debug */ = {
			isa = XCBuildConfiguration;
			buildSettings = {
				BUNDLE_LOADER = "$(TEST_HOST)";
				CODE_SIGN_STYLE = Automatic;
				CURRENT_PROJECT_VERSION = 1;
				GENERATE_INFOPLIST_FILE = YES;
				IPHONEOS_DEPLOYMENT_TARGET = 18.2;
				MARKETING_VERSION = 1.0;
				PRODUCT_BUNDLE_IDENTIFIER = com.jiwonstudy.AlarmSetTests;
				PRODUCT_NAME = "$(TARGET_NAME)";
				SWIFT_EMIT_LOC_STRINGS = NO;
				SWIFT_VERSION = 5.0;
				TARGETED_DEVICE_FAMILY = "1,2";
				TEST_HOST = "$(BUILT_PRODUCTS_DIR)/AlarmSet.app/$(BUNDLE_EXECUTABLE_FOLDER_PATH)/AlarmSet";
			};
			name = Debug;
		};
		F49892872D15F93800C05712 /* Release */ = {
			isa = XCBuildConfiguration;
			buildSettings = {
				BUNDLE_LOADER = "$(TEST_HOST)";
				CODE_SIGN_STYLE = Automatic;
				CURRENT_PROJECT_VERSION = 1;
				GENERATE_INFOPLIST_FILE = YES;
				IPHONEOS_DEPLOYMENT_TARGET = 18.2;
				MARKETING_VERSION = 1.0;
				PRODUCT_BUNDLE_IDENTIFIER = com.jiwonstudy.AlarmSetTests;
				PRODUCT_NAME = "$(TARGET_NAME)";
				SWIFT_EMIT_LOC_STRINGS = NO;
				SWIFT_VERSION = 5.0;
				TARGETED_DEVICE_FAMILY = "1,2";
				TEST_HOST = "$(BUILT_PRODUCTS_DIR)/AlarmSet.app/$(BUNDLE_EXECUTABLE_FOLDER_PATH)/AlarmSet";
			};
			name = Release;
		};
		F49892892D15F93800C05712 /* Debug */ = {
			isa = XCBuildConfiguration;
			buildSettings = {
				CODE_SIGN_STYLE = Automatic;
				CURRENT_PROJECT_VERSION = 1;
				GENERATE_INFOPLIST_FILE = YES;
				MARKETING_VERSION = 1.0;
				PRODUCT_BUNDLE_IDENTIFIER = com.jiwonstudy.AlarmSetUITests;
				PRODUCT_NAME = "$(TARGET_NAME)";
				SWIFT_EMIT_LOC_STRINGS = NO;
				SWIFT_VERSION = 5.0;
				TARGETED_DEVICE_FAMILY = "1,2";
				TEST_TARGET_NAME = AlarmSet;
			};
			name = Debug;
		};
		F498928A2D15F93800C05712 /* Release */ = {
			isa = XCBuildConfiguration;
			buildSettings = {
				CODE_SIGN_STYLE = Automatic;
				CURRENT_PROJECT_VERSION = 1;
				GENERATE_INFOPLIST_FILE = YES;
				MARKETING_VERSION = 1.0;
				PRODUCT_BUNDLE_IDENTIFIER = com.jiwonstudy.AlarmSetUITests;
				PRODUCT_NAME = "$(TARGET_NAME)";
				SWIFT_EMIT_LOC_STRINGS = NO;
				SWIFT_VERSION = 5.0;
				TARGETED_DEVICE_FAMILY = "1,2";
				TEST_TARGET_NAME = AlarmSet;
			};
			name = Release;
		};
/* End XCBuildConfiguration section */

/* Begin XCConfigurationList section */
		F49892522D15F93400C05712 /* Build configuration list for PBXProject "AlarmSet" */ = {
			isa = XCConfigurationList;
			buildConfigurations = (
				F49892832D15F93800C05712 /* Debug */,
				F49892842D15F93800C05712 /* Release */,
			);
			defaultConfigurationIsVisible = 0;
			defaultConfigurationName = Release;
		};
		F49892802D15F93800C05712 /* Build configuration list for PBXNativeTarget "AlarmSet" */ = {
			isa = XCConfigurationList;
			buildConfigurations = (
				F49892812D15F93800C05712 /* Debug */,
				F49892822D15F93800C05712 /* Release */,
			);
			defaultConfigurationIsVisible = 0;
			defaultConfigurationName = Release;
		};
		F49892852D15F93800C05712 /* Build configuration list for PBXNativeTarget "AlarmSetTests" */ = {
			isa = XCConfigurationList;
			buildConfigurations = (
				F49892862D15F93800C05712 /* Debug */,
				F49892872D15F93800C05712 /* Release */,
			);
			defaultConfigurationIsVisible = 0;
			defaultConfigurationName = Release;
		};
		F49892882D15F93800C05712 /* Build configuration list for PBXNativeTarget "AlarmSetUITests" */ = {
			isa = XCConfigurationList;
			buildConfigurations = (
				F49892892D15F93800C05712 /* Debug */,
				F498928A2D15F93800C05712 /* Release */,
			);
			defaultConfigurationIsVisible = 0;
			defaultConfigurationName = Release;
		};
/* End XCConfigurationList section */
	};
	rootObject = F498924F2D15F93400C05712 /* Project object */;
}
